
Microsoft Visual Studio Solution File, Format Version 12.00
# Visual Studio 15
VisualStudioVersion = 15.0.28307.1000
MinimumVisualStudioVersion = 10.0.40219.1
Project("{FAE04EC0-301F-11D3-BF4B-00C04F79EFBC}") = "Demo", "Demo\Demo.csproj", "{AD33EDD9-4E3D-44BA-B6D6-7414DFD0F70D}"
EndProject
Global
	GlobalSection(SolutionConfigurationPlatforms) = preSolution
		Debug|Any CPU = Debug|Any CPU
		Release|Any CPU = Release|Any CPU
	EndGlobalSection
	GlobalSection(ProjectConfigurationPlatforms) = postSolution
		{AD33EDD9-4E3D-44BA-B6D6-7414DFD0F70D}.Debug|Any CPU.ActiveCfg = Debug|Any CPU
		{AD33EDD9-4E3D-44BA-B6D6-7414DFD0F70D}.Debug|Any CPU.Build.0 = Debug|Any CPU
		{AD33EDD9-4E3D-44BA-B6D6-7414DFD0F70D}.Release|Any CPU.ActiveCfg = Release|Any CPU
		{AD33EDD9-4E3D-44BA-B6D6-7414DFD0F70D}.Release|Any CPU.Build.0 = Release|Any CPU
	EndGlobalSection
	GlobalSection(SolutionProperties) = preSolution
		HideSolutionNode = FALSE
	EndGlobalSection
	GlobalSection(ExtensibilityGlobals) = postSolution
		SolutionGuid = {707D798A-1E82-4209-A707-10601C93960F}
	EndGlobalSection
EndGlobal
